
Microsoft Visual Studio Solution File, Format Version 12.00
# Visual Studio Version 16
VisualStudioVersion = 16.0.29911.84
MinimumVisualStudioVersion = 10.0.40219.1
Project("{FAE04EC0-301F-11D3-BF4B-00C04F79EFBC}") = "VSOnlineTest", "VSOnlineTest\VSOnlineTest.csproj", "{7D25F0D8-08F6-4EE9-AC76-990733BE31CA}"
EndProject
Global
	GlobalSection(SolutionConfigurationPlatforms) = preSolution
		Debug|Any CPU = Debug|Any CPU
		Release|Any CPU = Release|Any CPU
	EndGlobalSection
	GlobalSection(ProjectConfigurationPlatforms) = postSolution
		{7D25F0D8-08F6-4EE9-AC76-990733BE31CA}.Debug|Any CPU.ActiveCfg = Debug|Any CPU
		{7D25F0D8-08F6-4EE9-AC76-990733BE31CA}.Debug|Any CPU.Build.0 = Debug|Any CPU
		{7D25F0D8-08F6-4EE9-AC76-990733BE31CA}.Release|Any CPU.ActiveCfg = Release|Any CPU
		{7D25F0D8-08F6-4EE9-AC76-990733BE31CA}.Release|Any CPU.Build.0 = Release|Any CPU
	EndGlobalSection
	GlobalSection(SolutionProperties) = preSolution
		HideSolutionNode = FALSE
	EndGlobalSection
	GlobalSection(ExtensibilityGlobals) = postSolution
		SolutionGuid = {B2AE8A98-BAB2-46E9-82B3-DF9BBEB77776}
	EndGlobalSection
EndGlobal
